// !$*UTF8*$!
{
	archiveVersion = 1;
	classes = {
	};
	objectVersion = 77;
	objects = {

/* Begin PBXBuildFile section */
		2BE81C1F2D24CC0E00A32DBC /* WidgetKit.framework in Frameworks */ = {isa = PBXBuildFile; fileRef = 2BE81C1E2D24CC0E00A32DBC /* WidgetKit.framework */; };
		2BE81C212D24CC0E00A32DBC /* SwiftUI.framework in Frameworks */ = {isa = PBXBuildFile; fileRef = 2BE81C202D24CC0E00A32DBC /* SwiftUI.framework */; };
		2BE81C2F2D24CC0F00A32DBC /* AheadCalWidgetExtension.appex in Embed Foundation Extensions */ = {isa = PBXBuildFile; fileRef = 2BE81C1C2D24CC0E00A32DBC /* AheadCalWidgetExtension.appex */; settings = {ATTRIBUTES = (RemoveHeadersOnCopy, ); }; };
		2BE81C442D24D3B400A32DBC /* AheadCalShared.framework in Frameworks */ = {isa = PBXBuildFile; fileRef = 2BE81C3C2D24D3B400A32DBC /* AheadCalShared.framework */; };
		2BE81C452D24D3B400A32DBC /* AheadCalShared.framework in Embed Frameworks */ = {isa = PBXBuildFile; fileRef = 2BE81C3C2D24D3B400A32DBC /* AheadCalShared.framework */; settings = {ATTRIBUTES = (CodeSignOnCopy, RemoveHeadersOnCopy, ); }; };
		2BE81C4D2D24D4B000A32DBC /* AheadCalShared.framework in Frameworks */ = {isa = PBXBuildFile; fileRef = 2BE81C3C2D24D3B400A32DBC /* AheadCalShared.framework */; };
		2BE81C4E2D24D4B000A32DBC /* AheadCalShared.framework in Embed Frameworks */ = {isa = PBXBuildFile; fileRef = 2BE81C3C2D24D3B400A32DBC /* AheadCalShared.framework */; settings = {ATTRIBUTES = (CodeSignOnCopy, RemoveHeadersOnCopy, ); }; };
		2BE81C522D24D4F900A32DBC /* AheadCalShared.framework in Frameworks */ = {isa = PBXBuildFile; fileRef = 2BE81C3C2D24D3B400A32DBC /* AheadCalShared.framework */; };
/* End PBXBuildFile section */

/* Begin PBXContainerItemProxy section */
		2BE81C2D2D24CC0F00A32DBC /* PBXContainerItemProxy */ = {
			isa = PBXContainerItemProxy;
			containerPortal = 2BE10BF62D218765006C9DC6 /* Project object */;
			proxyType = 1;
			remoteGlobalIDString = 2BE81C1B2D24CC0E00A32DBC;
			remoteInfo = AheadCalWidgetExtension;
		};
		2BE81C422D24D3B400A32DBC /* PBXContainerItemProxy */ = {
			isa = PBXContainerItemProxy;
			containerPortal = 2BE10BF62D218765006C9DC6 /* Project object */;
			proxyType = 1;
			remoteGlobalIDString = 2BE81C3B2D24D3B400A32DBC;
			remoteInfo = AheadCalShared;
		};
		2BE81C4F2D24D4B000A32DBC /* PBXContainerItemProxy */ = {
			isa = PBXContainerItemProxy;
			containerPortal = 2BE10BF62D218765006C9DC6 /* Project object */;
			proxyType = 1;
			remoteGlobalIDString = 2BE81C3B2D24D3B400A32DBC;
			remoteInfo = AheadCalShared;
		};
		2BE81C532D24D4F900A32DBC /* PBXContainerItemProxy */ = {
			isa = PBXContainerItemProxy;
			containerPortal = 2BE10BF62D218765006C9DC6 /* Project object */;
			proxyType = 1;
			remoteGlobalIDString = 2BE81C3B2D24D3B400A32DBC;
			remoteInfo = AheadCalShared;
		};
/* End PBXContainerItemProxy section */

/* Begin PBXCopyFilesBuildPhase section */
		2BE81C302D24CC0F00A32DBC /* Embed Foundation Extensions */ = {
			isa = PBXCopyFilesBuildPhase;
			buildActionMask = 2147483647;
			dstPath = "";
			dstSubfolderSpec = 13;
			files = (
				2BE81C2F2D24CC0F00A32DBC /* AheadCalWidgetExtension.appex in Embed Foundation Extensions */,
			);
			name = "Embed Foundation Extensions";
			runOnlyForDeploymentPostprocessing = 0;
		};
		2BE81C4A2D24D3B400A32DBC /* Embed Frameworks */ = {
			isa = PBXCopyFilesBuildPhase;
			buildActionMask = 2147483647;
			dstPath = "";
			dstSubfolderSpec = 10;
			files = (
				2BE81C452D24D3B400A32DBC /* AheadCalShared.framework in Embed Frameworks */,
			);
			name = "Embed Frameworks";
			runOnlyForDeploymentPostprocessing = 0;
		};
		2BE81C512D24D4B000A32DBC /* Embed Frameworks */ = {
			isa = PBXCopyFilesBuildPhase;
			buildActionMask = 2147483647;
			dstPath = "";
			dstSubfolderSpec = 10;
			files = (
				2BE81C4E2D24D4B000A32DBC /* AheadCalShared.framework in Embed Frameworks */,
			);
			name = "Embed Frameworks";
			runOnlyForDeploymentPostprocessing = 0;
		};
/* End PBXCopyFilesBuildPhase section */

/* Begin PBXFileReference section */
		2BE10BFE2D218765006C9DC6 /* AheadCal.app */ = {isa = PBXFileReference; explicitFileType = wrapper.application; includeInIndex = 0; path = AheadCal.app; sourceTree = BUILT_PRODUCTS_DIR; };
		2BE81C1C2D24CC0E00A32DBC /* AheadCalWidgetExtension.appex */ = {isa = PBXFileReference; explicitFileType = "wrapper.app-extension"; includeInIndex = 0; path = AheadCalWidgetExtension.appex; sourceTree = BUILT_PRODUCTS_DIR; };
		2BE81C1E2D24CC0E00A32DBC /* WidgetKit.framework */ = {isa = PBXFileReference; lastKnownFileType = wrapper.framework; name = WidgetKit.framework; path = System/Library/Frameworks/WidgetKit.framework; sourceTree = SDKROOT; };
		2BE81C202D24CC0E00A32DBC /* SwiftUI.framework */ = {isa = PBXFileReference; lastKnownFileType = wrapper.framework; name = SwiftUI.framework; path = System/Library/Frameworks/SwiftUI.framework; sourceTree = SDKROOT; };
		2BE81C3C2D24D3B400A32DBC /* AheadCalShared.framework */ = {isa = PBXFileReference; explicitFileType = wrapper.framework; includeInIndex = 0; path = AheadCalShared.framework; sourceTree = BUILT_PRODUCTS_DIR; };
/* End PBXFileReference section */

/* Begin PBXFileSystemSynchronizedBuildFileExceptionSet section */
		2BE81C332D24CC0F00A32DBC /* Exceptions for "AheadCalWidget" folder in "AheadCalWidgetExtension" target */ = {
			isa = PBXFileSystemSynchronizedBuildFileExceptionSet;
			membershipExceptions = (
				Info.plist,
			);
			target = 2BE81C1B2D24CC0E00A32DBC /* AheadCalWidgetExtension */;
		};
		2BE81C462D24D3B400A32DBC /* Exceptions for "AheadCalShared" folder in "AheadCalShared" target */ = {
			isa = PBXFileSystemSynchronizedBuildFileExceptionSet;
			publicHeaders = (
				AheadCalShared.h,
			);
			target = 2BE81C3B2D24D3B400A32DBC /* AheadCalShared */;
		};
/* End PBXFileSystemSynchronizedBuildFileExceptionSet section */

/* Begin PBXFileSystemSynchronizedRootGroup section */
		2BE10C002D218765006C9DC6 /* AheadCal */ = {
			isa = PBXFileSystemSynchronizedRootGroup;
			path = AheadCal;
			sourceTree = "<group>";
		};
		2BE81C222D24CC0E00A32DBC /* AheadCalWidget */ = {
			isa = PBXFileSystemSynchronizedRootGroup;
			exceptions = (
				2BE81C332D24CC0F00A32DBC /* Exceptions for "AheadCalWidget" folder in "AheadCalWidgetExtension" target */,
			);
			path = AheadCalWidget;
			sourceTree = "<group>";
		};
		2BE81C3D2D24D3B400A32DBC /* AheadCalShared */ = {
			isa = PBXFileSystemSynchronizedRootGroup;
			exceptions = (
				2BE81C462D24D3B400A32DBC /* Exceptions for "AheadCalShared" folder in "AheadCalShared" target */,
			);
			path = AheadCalShared;
			sourceTree = "<group>";
		};
/* End PBXFileSystemSynchronizedRootGroup section */

/* Begin PBXFrameworksBuildPhase section */
		2BE10BFB2D218765006C9DC6 /* Frameworks */ = {
			isa = PBXFrameworksBuildPhase;
			buildActionMask = 2147483647;
			files = (
				2BE81C522D24D4F900A32DBC /* AheadCalShared.framework in Frameworks */,
				2BE81C442D24D3B400A32DBC /* AheadCalShared.framework in Frameworks */,
			);
			runOnlyForDeploymentPostprocessing = 0;
		};
		2BE81C192D24CC0E00A32DBC /* Frameworks */ = {
			isa = PBXFrameworksBuildPhase;
			buildActionMask = 2147483647;
			files = (
				2BE81C212D24CC0E00A32DBC /* SwiftUI.framework in Frameworks */,
				2BE81C4D2D24D4B000A32DBC /* AheadCalShared.framework in Frameworks */,
				2BE81C1F2D24CC0E00A32DBC /* WidgetKit.framework in Frameworks */,
			);
			runOnlyForDeploymentPostprocessing = 0;
		};
		2BE81C392D24D3B400A32DBC /* Frameworks */ = {
			isa = PBXFrameworksBuildPhase;
			buildActionMask = 2147483647;
			files = (
			);
			runOnlyForDeploymentPostprocessing = 0;
		};
/* End PBXFrameworksBuildPhase section */

/* Begin PBXGroup section */
		2BE10BF52D218765006C9DC6 = {
			isa = PBXGroup;
			children = (
				2BE10C002D218765006C9DC6 /* AheadCal */,
				2BE81C222D24CC0E00A32DBC /* AheadCalWidget */,
				2BE81C3D2D24D3B400A32DBC /* AheadCalShared */,
				2BE81C1D2D24CC0E00A32DBC /* Frameworks */,
				2BE10BFF2D218765006C9DC6 /* Products */,
			);
			sourceTree = "<group>";
		};
		2BE10BFF2D218765006C9DC6 /* Products */ = {
			isa = PBXGroup;
			children = (
				2BE10BFE2D218765006C9DC6 /* AheadCal.app */,
				2BE81C1C2D24CC0E00A32DBC /* AheadCalWidgetExtension.appex */,
				2BE81C3C2D24D3B400A32DBC /* AheadCalShared.framework */,
			);
			name = Products;
			sourceTree = "<group>";
		};
		2BE81C1D2D24CC0E00A32DBC /* Frameworks */ = {
			isa = PBXGroup;
			children = (
				2BE81C1E2D24CC0E00A32DBC /* WidgetKit.framework */,
				2BE81C202D24CC0E00A32DBC /* SwiftUI.framework */,
			);
			name = Frameworks;
			sourceTree = "<group>";
		};
/* End PBXGroup section */

/* Begin PBXHeadersBuildPhase section */
		2BE81C372D24D3B400A32DBC /* Headers */ = {
			isa = PBXHeadersBuildPhase;
			buildActionMask = 2147483647;
			files = (
			);
			runOnlyForDeploymentPostprocessing = 0;
		};
/* End PBXHeadersBuildPhase section */

/* Begin PBXNativeTarget section */
		2BE10BFD2D218765006C9DC6 /* AheadCal */ = {
			isa = PBXNativeTarget;
			buildConfigurationList = 2BE10C0D2D218766006C9DC6 /* Build configuration list for PBXNativeTarget "AheadCal" */;
			buildPhases = (
				2BE10BFA2D218765006C9DC6 /* Sources */,
				2BE10BFB2D218765006C9DC6 /* Frameworks */,
				2BE10BFC2D218765006C9DC6 /* Resources */,
				2BE81C302D24CC0F00A32DBC /* Embed Foundation Extensions */,
				2BE81C4A2D24D3B400A32DBC /* Embed Frameworks */,
			);
			buildRules = (
			);
			dependencies = (
				2BE81C2E2D24CC0F00A32DBC /* PBXTargetDependency */,
				2BE81C432D24D3B400A32DBC /* PBXTargetDependency */,
				2BE81C542D24D4F900A32DBC /* PBXTargetDependency */,
			);
			fileSystemSynchronizedGroups = (
				2BE10C002D218765006C9DC6 /* AheadCal */,
			);
			name = AheadCal;
			packageProductDependencies = (
			);
			productName = AheadCal;
			productReference = 2BE10BFE2D218765006C9DC6 /* AheadCal.app */;
			productType = "com.apple.product-type.application";
		};
		2BE81C1B2D24CC0E00A32DBC /* AheadCalWidgetExtension */ = {
			isa = PBXNativeTarget;
			buildConfigurationList = 2BE81C342D24CC0F00A32DBC /* Build configuration list for PBXNativeTarget "AheadCalWidgetExtension" */;
			buildPhases = (
				2BE81C182D24CC0E00A32DBC /* Sources */,
				2BE81C192D24CC0E00A32DBC /* Frameworks */,
				2BE81C1A2D24CC0E00A32DBC /* Resources */,
				2BE81C512D24D4B000A32DBC /* Embed Frameworks */,
			);
			buildRules = (
			);
			dependencies = (
				2BE81C502D24D4B000A32DBC /* PBXTargetDependency */,
			);
			fileSystemSynchronizedGroups = (
				2BE81C222D24CC0E00A32DBC /* AheadCalWidget */,
			);
			name = AheadCalWidgetExtension;
			packageProductDependencies = (
			);
			productName = AheadCalWidgetExtension;
			productReference = 2BE81C1C2D24CC0E00A32DBC /* AheadCalWidgetExtension.appex */;
			productType = "com.apple.product-type.app-extension";
		};
		2BE81C3B2D24D3B400A32DBC /* AheadCalShared */ = {
			isa = PBXNativeTarget;
			buildConfigurationList = 2BE81C472D24D3B400A32DBC /* Build configuration list for PBXNativeTarget "AheadCalShared" */;
			buildPhases = (
				2BE81C372D24D3B400A32DBC /* Headers */,
				2BE81C382D24D3B400A32DBC /* Sources */,
				2BE81C392D24D3B400A32DBC /* Frameworks */,
				2BE81C3A2D24D3B400A32DBC /* Resources */,
			);
			buildRules = (
			);
			dependencies = (
			);
			fileSystemSynchronizedGroups = (
				2BE81C3D2D24D3B400A32DBC /* AheadCalShared */,
			);
			name = AheadCalShared;
			packageProductDependencies = (
			);
			productName = AheadCalShared;
			productReference = 2BE81C3C2D24D3B400A32DBC /* AheadCalShared.framework */;
			productType = "com.apple.product-type.framework";
		};
/* End PBXNativeTarget section */

/* Begin PBXProject section */
		2BE10BF62D218765006C9DC6 /* Project object */ = {
			isa = PBXProject;
			attributes = {
				BuildIndependentTargetsInParallel = 1;
				LastSwiftUpdateCheck = 1620;
				LastUpgradeCheck = 1620;
				TargetAttributes = {
					2BE10BFD2D218765006C9DC6 = {
						CreatedOnToolsVersion = 16.2;
					};
					2BE81C1B2D24CC0E00A32DBC = {
						CreatedOnToolsVersion = 16.2;
					};
					2BE81C3B2D24D3B400A32DBC = {
						CreatedOnToolsVersion = 16.2;
					};
				};
			};
			buildConfigurationList = 2BE10BF92D218765006C9DC6 /* Build configuration list for PBXProject "AheadCal" */;
			developmentRegion = en;
			hasScannedForEncodings = 0;
			knownRegions = (
				en,
				Base,
			);
			mainGroup = 2BE10BF52D218765006C9DC6;
			minimizedProjectReferenceProxies = 1;
			preferredProjectObjectVersion = 77;
			productRefGroup = 2BE10BFF2D218765006C9DC6 /* Products */;
			projectDirPath = "";
			projectRoot = "";
			targets = (
				2BE10BFD2D218765006C9DC6 /* AheadCal */,
				2BE81C1B2D24CC0E00A32DBC /* AheadCalWidgetExtension */,
				2BE81C3B2D24D3B400A32DBC /* AheadCalShared */,
			);
		};
/* End PBXProject section */

/* Begin PBXResourcesBuildPhase section */
		2BE10BFC2D218765006C9DC6 /* Resources */ = {
			isa = PBXResourcesBuildPhase;
			buildActionMask = 2147483647;
			files = (
			);
			runOnlyForDeploymentPostprocessing = 0;
		};
		2BE81C1A2D24CC0E00A32DBC /* Resources */ = {
			isa = PBXResourcesBuildPhase;
			buildActionMask = 2147483647;
			files = (
			);
			runOnlyForDeploymentPostprocessing = 0;
		};
		2BE81C3A2D24D3B400A32DBC /* Resources */ = {
			isa = PBXResourcesBuildPhase;
			buildActionMask = 2147483647;
			files = (
			);
			runOnlyForDeploymentPostprocessing = 0;
		};
/* End PBXResourcesBuildPhase section */

/* Begin PBXSourcesBuildPhase section */
		2BE10BFA2D218765006C9DC6 /* Sources */ = {
			isa = PBXSourcesBuildPhase;
			buildActionMask = 2147483647;
			files = (
			);
			runOnlyForDeploymentPostprocessing = 0;
		};
		2BE81C182D24CC0E00A32DBC /* Sources */ = {
			isa = PBXSourcesBuildPhase;
			buildActionMask = 2147483647;
			files = (
			);
			runOnlyForDeploymentPostprocessing = 0;
		};
		2BE81C382D24D3B400A32DBC /* Sources */ = {
			isa = PBXSourcesBuildPhase;
			buildActionMask = 2147483647;
			files = (
			);
			runOnlyForDeploymentPostprocessing = 0;
		};
/* End PBXSourcesBuildPhase section */

/* Begin PBXTargetDependency section */
		2BE81C2E2D24CC0F00A32DBC /* PBXTargetDependency */ = {
			isa = PBXTargetDependency;
			target = 2BE81C1B2D24CC0E00A32DBC /* AheadCalWidgetExtension */;
			targetProxy = 2BE81C2D2D24CC0F00A32DBC /* PBXContainerItemProxy */;
		};
		2BE81C432D24D3B400A32DBC /* PBXTargetDependency */ = {
			isa = PBXTargetDependency;
			target = 2BE81C3B2D24D3B400A32DBC /* AheadCalShared */;
			targetProxy = 2BE81C422D24D3B400A32DBC /* PBXContainerItemProxy */;
		};
		2BE81C502D24D4B000A32DBC /* PBXTargetDependency */ = {
			isa = PBXTargetDependency;
			target = 2BE81C3B2D24D3B400A32DBC /* AheadCalShared */;
			targetProxy = 2BE81C4F2D24D4B000A32DBC /* PBXContainerItemProxy */;
		};
		2BE81C542D24D4F900A32DBC /* PBXTargetDependency */ = {
			isa = PBXTargetDependency;
			target = 2BE81C3B2D24D3B400A32DBC /* AheadCalShared */;
			targetProxy = 2BE81C532D24D4F900A32DBC /* PBXContainerItemProxy */;
		};
/* End PBXTargetDependency section */

/* Begin XCBuildConfiguration section */
		2BE10C0B2D218766006C9DC6 /* Debug */ = {
			isa = XCBuildConfiguration;
			buildSettings = {
				ALWAYS_SEARCH_USER_PATHS = NO;
				ASSETCATALOG_COMPILER_GENERATE_SWIFT_ASSET_SYMBOL_EXTENSIONS = YES;
				CLANG_ANALYZER_NONNULL = YES;
				CLANG_ANALYZER_NUMBER_OBJECT_CONVERSION = YES_AGGRESSIVE;
				CLANG_CXX_LANGUAGE_STANDARD = "gnu++20";
				CLANG_ENABLE_MODULES = YES;
				CLANG_ENABLE_OBJC_ARC = YES;
				CLANG_ENABLE_OBJC_WEAK = YES;
				CLANG_WARN_BLOCK_CAPTURE_AUTORELEASING = YES;
				CLANG_WARN_BOOL_CONVERSION = YES;
				CLANG_WARN_COMMA = YES;
				CLANG_WARN_CONSTANT_CONVERSION = YES;
				CLANG_WARN_DEPRECATED_OBJC_IMPLEMENTATIONS = YES;
				CLANG_WARN_DIRECT_OBJC_ISA_USAGE = YES_ERROR;
				CLANG_WARN_DOCUMENTATION_COMMENTS = YES;
				CLANG_WARN_EMPTY_BODY = YES;
				CLANG_WARN_ENUM_CONVERSION = YES;
				CLANG_WARN_INFINITE_RECURSION = YES;
				CLANG_WARN_INT_CONVERSION = YES;
				CLANG_WARN_NON_LITERAL_NULL_CONVERSION = YES;
				CLANG_WARN_OBJC_IMPLICIT_RETAIN_SELF = YES;
				CLANG_WARN_OBJC_LITERAL_CONVERSION = YES;
				CLANG_WARN_OBJC_ROOT_CLASS = YES_ERROR;
				CLANG_WARN_QUOTED_INCLUDE_IN_FRAMEWORK_HEADER = YES;
				CLANG_WARN_RANGE_LOOP_ANALYSIS = YES;
				CLANG_WARN_STRICT_PROTOTYPES = YES;
				CLANG_WARN_SUSPICIOUS_MOVE = YES;
				CLANG_WARN_UNGUARDED_AVAILABILITY = YES_AGGRESSIVE;
				CLANG_WARN_UNREACHABLE_CODE = YES;
				CLANG_WARN__DUPLICATE_METHOD_MATCH = YES;
				COPY_PHASE_STRIP = NO;
				DEBUG_INFORMATION_FORMAT = dwarf;
				ENABLE_STRICT_OBJC_MSGSEND = YES;
				ENABLE_TESTABILITY = YES;
				ENABLE_USER_SCRIPT_SANDBOXING = YES;
				GCC_C_LANGUAGE_STANDARD = gnu17;
				GCC_DYNAMIC_NO_PIC = NO;
				GCC_NO_COMMON_BLOCKS = YES;
				GCC_OPTIMIZATION_LEVEL = 0;
				GCC_PREPROCESSOR_DEFINITIONS = (
					"DEBUG=1",
					"$(inherited)",
				);
				GCC_WARN_64_TO_32_BIT_CONVERSION = YES;
				GCC_WARN_ABOUT_RETURN_TYPE = YES_ERROR;
				GCC_WARN_UNDECLARED_SELECTOR = YES;
				GCC_WARN_UNINITIALIZED_AUTOS = YES_AGGRESSIVE;
				GCC_WARN_UNUSED_FUNCTION = YES;
				GCC_WARN_UNUSED_VARIABLE = YES;
				LOCALIZATION_PREFERS_STRING_CATALOGS = YES;
				MACOSX_DEPLOYMENT_TARGET = 15.2;
				MTL_ENABLE_DEBUG_INFO = INCLUDE_SOURCE;
				MTL_FAST_MATH = YES;
				ONLY_ACTIVE_ARCH = YES;
				SDKROOT = macosx;
				SWIFT_ACTIVE_COMPILATION_CONDITIONS = "DEBUG $(inherited)";
				SWIFT_OPTIMIZATION_LEVEL = "-Onone";
			};
			name = Debug;
		};
		2BE10C0C2D218766006C9DC6 /* Release */ = {
			isa = XCBuildConfiguration;
			buildSettings = {
				ALWAYS_SEARCH_USER_PATHS = NO;
				ASSETCATALOG_COMPILER_GENERATE_SWIFT_ASSET_SYMBOL_EXTENSIONS = YES;
				CLANG_ANALYZER_NONNULL = YES;
				CLANG_ANALYZER_NUMBER_OBJECT_CONVERSION = YES_AGGRESSIVE;
				CLANG_CXX_LANGUAGE_STANDARD = "gnu++20";
				CLANG_ENABLE_MODULES = YES;
				CLANG_ENABLE_OBJC_ARC = YES;
				CLANG_ENABLE_OBJC_WEAK = YES;
				CLANG_WARN_BLOCK_CAPTURE_AUTORELEASING = YES;
				CLANG_WARN_BOOL_CONVERSION = YES;
				CLANG_WARN_COMMA = YES;
				CLANG_WARN_CONSTANT_CONVERSION = YES;
				CLANG_WARN_DEPRECATED_OBJC_IMPLEMENTATIONS = YES;
				CLANG_WARN_DIRECT_OBJC_ISA_USAGE = YES_ERROR;
				CLANG_WARN_DOCUMENTATION_COMMENTS = YES;
				CLANG_WARN_EMPTY_BODY = YES;
				CLANG_WARN_ENUM_CONVERSION = YES;
				CLANG_WARN_INFINITE_RECURSION = YES;
				CLANG_WARN_INT_CONVERSION = YES;
				CLANG_WARN_NON_LITERAL_NULL_CONVERSION = YES;
				CLANG_WARN_OBJC_IMPLICIT_RETAIN_SELF = YES;
				CLANG_WARN_OBJC_LITERAL_CONVERSION = YES;
				CLANG_WARN_OBJC_ROOT_CLASS = YES_ERROR;
				CLANG_WARN_QUOTED_INCLUDE_IN_FRAMEWORK_HEADER = YES;
				CLANG_WARN_RANGE_LOOP_ANALYSIS = YES;
				CLANG_WARN_STRICT_PROTOTYPES = YES;
				CLANG_WARN_SUSPICIOUS_MOVE = YES;
				CLANG_WARN_UNGUARDED_AVAILABILITY = YES_AGGRESSIVE;
				CLANG_WARN_UNREACHABLE_CODE = YES;
				CLANG_WARN__DUPLICATE_METHOD_MATCH = YES;
				COPY_PHASE_STRIP = NO;
				DEBUG_INFORMATION_FORMAT = "dwarf-with-dsym";
				ENABLE_NS_ASSERTIONS = NO;
				ENABLE_STRICT_OBJC_MSGSEND = YES;
				ENABLE_USER_SCRIPT_SANDBOXING = YES;
				GCC_C_LANGUAGE_STANDARD = gnu17;
				GCC_NO_COMMON_BLOCKS = YES;
				GCC_WARN_64_TO_32_BIT_CONVERSION = YES;
				GCC_WARN_ABOUT_RETURN_TYPE = YES_ERROR;
				GCC_WARN_UNDECLARED_SELECTOR = YES;
				GCC_WARN_UNINITIALIZED_AUTOS = YES_AGGRESSIVE;
				GCC_WARN_UNUSED_FUNCTION = YES;
				GCC_WARN_UNUSED_VARIABLE = YES;
				LOCALIZATION_PREFERS_STRING_CATALOGS = YES;
				MACOSX_DEPLOYMENT_TARGET = 15.2;
				MTL_ENABLE_DEBUG_INFO = NO;
				MTL_FAST_MATH = YES;
				SDKROOT = macosx;
				SWIFT_COMPILATION_MODE = wholemodule;
			};
			name = Release;
		};
		2BE10C0E2D218766006C9DC6 /* Debug */ = {
			isa = XCBuildConfiguration;
			buildSettings = {
				ASSETCATALOG_COMPILER_APPICON_NAME = AppIcon;
				ASSETCATALOG_COMPILER_GLOBAL_ACCENT_COLOR_NAME = AccentColor;
				CODE_SIGN_ENTITLEMENTS = AheadCal/AheadCal.entitlements;
				CODE_SIGN_STYLE = Automatic;
				COMBINE_HIDPI_IMAGES = YES;
				CURRENT_PROJECT_VERSION = 1;
				DEVELOPMENT_ASSET_PATHS = "\"AheadCal/Preview Content\"";
				DEVELOPMENT_TEAM = 595YZ9WBNH;
				ENABLE_HARDENED_RUNTIME = YES;
				ENABLE_PREVIEWS = YES;
				GENERATE_INFOPLIST_FILE = YES;
				INFOPLIST_KEY_LSUIElement = YES;
				INFOPLIST_KEY_NSHumanReadableCopyright = "";
				LD_RUNPATH_SEARCH_PATHS = (
					"$(inherited)",
					"@executable_path/../Frameworks",
				);
				MARKETING_VERSION = 1.0;
				PRODUCT_BUNDLE_IDENTIFIER = me.fengzhichao.AheadCal;
				PRODUCT_NAME = "$(TARGET_NAME)";
				SWIFT_EMIT_LOC_STRINGS = YES;
				SWIFT_VERSION = 5.0;
			};
			name = Debug;
		};
		2BE10C0F2D218766006C9DC6 /* Release */ = {
			isa = XCBuildConfiguration;
			buildSettings = {
				ASSETCATALOG_COMPILER_APPICON_NAME = AppIcon;
				ASSETCATALOG_COMPILER_GLOBAL_ACCENT_COLOR_NAME = AccentColor;
				CODE_SIGN_ENTITLEMENTS = AheadCal/AheadCal.entitlements;
				CODE_SIGN_STYLE = Automatic;
				COMBINE_HIDPI_IMAGES = YES;
				CURRENT_PROJECT_VERSION = 1;
				DEVELOPMENT_ASSET_PATHS = "\"AheadCal/Preview Content\"";
				DEVELOPMENT_TEAM = 595YZ9WBNH;
				ENABLE_HARDENED_RUNTIME = YES;
				ENABLE_PREVIEWS = YES;
				GENERATE_INFOPLIST_FILE = YES;
				INFOPLIST_KEY_LSUIElement = YES;
				INFOPLIST_KEY_NSHumanReadableCopyright = "";
				LD_RUNPATH_SEARCH_PATHS = (
					"$(inherited)",
					"@executable_path/../Frameworks",
				);
				MARKETING_VERSION = 1.0;
				PRODUCT_BUNDLE_IDENTIFIER = me.fengzhichao.AheadCal;
				PRODUCT_NAME = "$(TARGET_NAME)";
				SWIFT_EMIT_LOC_STRINGS = YES;
				SWIFT_VERSION = 5.0;
			};
			name = Release;
		};
		2BE81C312D24CC0F00A32DBC /* Debug */ = {
			isa = XCBuildConfiguration;
			buildSettings = {
				ASSETCATALOG_COMPILER_GLOBAL_ACCENT_COLOR_NAME = AccentColor;
				ASSETCATALOG_COMPILER_WIDGET_BACKGROUND_COLOR_NAME = WidgetBackground;
				CODE_SIGN_ENTITLEMENTS = AheadCalWidget/AheadCalWidget.entitlements;
				CODE_SIGN_STYLE = Automatic;
				CURRENT_PROJECT_VERSION = 1;
				DEVELOPMENT_TEAM = 595YZ9WBNH;
				ENABLE_HARDENED_RUNTIME = YES;
				GENERATE_INFOPLIST_FILE = YES;
				INFOPLIST_FILE = AheadCalWidget/Info.plist;
				INFOPLIST_KEY_CFBundleDisplayName = AheadCalWidget;
				INFOPLIST_KEY_NSHumanReadableCopyright = "";
				LD_RUNPATH_SEARCH_PATHS = (
					"$(inherited)",
					"@executable_path/../Frameworks",
					"@executable_path/../../../../Frameworks",
				);
				MACOSX_DEPLOYMENT_TARGET = 14.0;
				MARKETING_VERSION = 1.0;
				PRODUCT_BUNDLE_IDENTIFIER = me.fengzhichao.AheadCal.AheadCalWidget;
				PRODUCT_NAME = "$(TARGET_NAME)";
				SKIP_INSTALL = YES;
				SWIFT_EMIT_LOC_STRINGS = YES;
				SWIFT_VERSION = 5.0;
			};
			name = Debug;
		};
		2BE81C322D24CC0F00A32DBC /* Release */ = {
			isa = XCBuildConfiguration;
			buildSettings = {
				ASSETCATALOG_COMPILER_GLOBAL_ACCENT_COLOR_NAME = AccentColor;
				ASSETCATALOG_COMPILER_WIDGET_BACKGROUND_COLOR_NAME = WidgetBackground;
				CODE_SIGN_ENTITLEMENTS = AheadCalWidget/AheadCalWidget.entitlements;
				CODE_SIGN_STYLE = Automatic;
				CURRENT_PROJECT_VERSION = 1;
				DEVELOPMENT_TEAM = 595YZ9WBNH;
				ENABLE_HARDENED_RUNTIME = YES;
				GENERATE_INFOPLIST_FILE = YES;
				INFOPLIST_FILE = AheadCalWidget/Info.plist;
				INFOPLIST_KEY_CFBundleDisplayName = AheadCalWidget;
				INFOPLIST_KEY_NSHumanReadableCopyright = "";
				LD_RUNPATH_SEARCH_PATHS = (
					"$(inherited)",
					"@executable_path/../Frameworks",
					"@executable_path/../../../../Frameworks",
				);
				MACOSX_DEPLOYMENT_TARGET = 14.0;
				MARKETING_VERSION = 1.0;
				PRODUCT_BUNDLE_IDENTIFIER = me.fengzhichao.AheadCal.AheadCalWidget;
				PRODUCT_NAME = "$(TARGET_NAME)";
				SKIP_INSTALL = YES;
				SWIFT_EMIT_LOC_STRINGS = YES;
				SWIFT_VERSION = 5.0;
			};
			name = Release;
		};
		2BE81C482D24D3B400A32DBC /* Debug */ = {
			isa = XCBuildConfiguration;
			buildSettings = {
				BUILD_LIBRARY_FOR_DISTRIBUTION = YES;
				CODE_SIGN_STYLE = Automatic;
				COMBINE_HIDPI_IMAGES = YES;
				CURRENT_PROJECT_VERSION = 1;
				DEFINES_MODULE = YES;
				DEVELOPMENT_TEAM = 595YZ9WBNH;
				DYLIB_COMPATIBILITY_VERSION = 1;
				DYLIB_CURRENT_VERSION = 1;
				DYLIB_INSTALL_NAME_BASE = "@rpath";
				ENABLE_MODULE_VERIFIER = YES;
				GENERATE_INFOPLIST_FILE = YES;
				INFOPLIST_KEY_NSHumanReadableCopyright = "";
				INSTALL_PATH = "$(LOCAL_LIBRARY_DIR)/Frameworks";
				LD_RUNPATH_SEARCH_PATHS = (
					"$(inherited)",
					"@executable_path/../Frameworks",
					"@loader_path/Frameworks",
				);
				MARKETING_VERSION = 1.0;
				MODULE_VERIFIER_SUPPORTED_LANGUAGES = "objective-c objective-c++";
				MODULE_VERIFIER_SUPPORTED_LANGUAGE_STANDARDS = "gnu17 gnu++20";
				PRODUCT_BUNDLE_IDENTIFIER = me.fengzhichao.AheadCal.AheadCalShared;
				PRODUCT_NAME = "$(TARGET_NAME:c99extidentifier)";
				SKIP_INSTALL = YES;
				SWIFT_EMIT_LOC_STRINGS = YES;
				SWIFT_INSTALL_OBJC_HEADER = NO;
				SWIFT_VERSION = 5.0;
				VERSIONING_SYSTEM = "apple-generic";
				VERSION_INFO_PREFIX = "";
			};
			name = Debug;
		};
		2BE81C492D24D3B400A32DBC /* Release */ = {
			isa = XCBuildConfiguration;
			buildSettings = {
				BUILD_LIBRARY_FOR_DISTRIBUTION = YES;
				CODE_SIGN_STYLE = Automatic;
				COMBINE_HIDPI_IMAGES = YES;
				CURRENT_PROJECT_VERSION = 1;
				DEFINES_MODULE = YES;
				DEVELOPMENT_TEAM = 595YZ9WBNH;
				DYLIB_COMPATIBILITY_VERSION = 1;
				DYLIB_CURRENT_VERSION = 1;
				DYLIB_INSTALL_NAME_BASE = "@rpath";
				ENABLE_MODULE_VERIFIER = YES;
				GENERATE_INFOPLIST_FILE = YES;
				INFOPLIST_KEY_NSHumanReadableCopyright = "";
				INSTALL_PATH = "$(LOCAL_LIBRARY_DIR)/Frameworks";
				LD_RUNPATH_SEARCH_PATHS = (
					"$(inherited)",
					"@executable_path/../Frameworks",
					"@loader_path/Frameworks",
				);
				MARKETING_VERSION = 1.0;
				MODULE_VERIFIER_SUPPORTED_LANGUAGES = "objective-c objective-c++";
				MODULE_VERIFIER_SUPPORTED_LANGUAGE_STANDARDS = "gnu17 gnu++20";
				PRODUCT_BUNDLE_IDENTIFIER = me.fengzhichao.AheadCal.AheadCalShared;
				PRODUCT_NAME = "$(TARGET_NAME:c99extidentifier)";
				SKIP_INSTALL = YES;
				SWIFT_EMIT_LOC_STRINGS = YES;
				SWIFT_INSTALL_OBJC_HEADER = NO;
				SWIFT_VERSION = 5.0;
				VERSIONING_SYSTEM = "apple-generic";
				VERSION_INFO_PREFIX = "";
			};
			name = Release;
		};
/* End XCBuildConfiguration section */

/* Begin XCConfigurationList section */
		2BE10BF92D218765006C9DC6 /* Build configuration list for PBXProject "AheadCal" */ = {
			isa = XCConfigurationList;
			buildConfigurations = (
				2BE10C0B2D218766006C9DC6 /* Debug */,
				2BE10C0C2D218766006C9DC6 /* Release */,
			);
			defaultConfigurationIsVisible = 0;
			defaultConfigurationName = Release;
		};
		2BE10C0D2D218766006C9DC6 /* Build configuration list for PBXNativeTarget "AheadCal" */ = {
			isa = XCConfigurationList;
			buildConfigurations = (
				2BE10C0E2D218766006C9DC6 /* Debug */,
				2BE10C0F2D218766006C9DC6 /* Release */,
			);
			defaultConfigurationIsVisible = 0;
			defaultConfigurationName = Release;
		};
		2BE81C342D24CC0F00A32DBC /* Build configuration list for PBXNativeTarget "AheadCalWidgetExtension" */ = {
			isa = XCConfigurationList;
			buildConfigurations = (
				2BE81C312D24CC0F00A32DBC /* Debug */,
				2BE81C322D24CC0F00A32DBC /* Release */,
			);
			defaultConfigurationIsVisible = 0;
			defaultConfigurationName = Release;
		};
		2BE81C472D24D3B400A32DBC /* Build configuration list for PBXNativeTarget "AheadCalShared" */ = {
			isa = XCConfigurationList;
			buildConfigurations = (
				2BE81C482D24D3B400A32DBC /* Debug */,
				2BE81C492D24D3B400A32DBC /* Release */,
			);
			defaultConfigurationIsVisible = 0;
			defaultConfigurationName = Release;
		};
/* End XCConfigurationList section */
	};
	rootObject = 2BE10BF62D218765006C9DC6 /* Project object */;
}
